
Microsoft Visual Studio Solution File, Format Version 12.00
# Visual Studio Version 16
VisualStudioVersion = 16.0.31112.23
MinimumVisualStudioVersion = 10.0.40219.1
Project("{FAE04EC0-301F-11D3-BF4B-00C04F79EFBC}") = "senai_InLock_webApi", "senai_InLock_webApi\senai_InLock_webApi.csproj", "{D72A6429-4ACC-415D-8093-3771E2A15F4C}"
EndProject
Global
	GlobalSection(SolutionConfigurationPlatforms) = preSolution
		Debug|Any CPU = Debug|Any CPU
		Release|Any CPU = Release|Any CPU
	EndGlobalSection
	GlobalSection(ProjectConfigurationPlatforms) = postSolution
		{D72A6429-4ACC-415D-8093-3771E2A15F4C}.Debug|Any CPU.ActiveCfg = Debug|Any CPU
		{D72A6429-4ACC-415D-8093-3771E2A15F4C}.Debug|Any CPU.Build.0 = Debug|Any CPU
		{D72A6429-4ACC-415D-8093-3771E2A15F4C}.Release|Any CPU.ActiveCfg = Release|Any CPU
		{D72A6429-4ACC-415D-8093-3771E2A15F4C}.Release|Any CPU.Build.0 = Release|Any CPU
	EndGlobalSection
	GlobalSection(SolutionProperties) = preSolution
		HideSolutionNode = FALSE
	EndGlobalSection
	GlobalSection(ExtensibilityGlobals) = postSolution
		SolutionGuid = {CD8471FC-8FAE-4FB9-9AC8-AFFFD36EBE0D}
	EndGlobalSection
EndGlobal
